
Microsoft Visual Studio Solution File, Format Version 12.00
# Visual Studio Version 16
VisualStudioVersion = 16.0.31729.503
MinimumVisualStudioVersion = 10.0.40219.1
Project("{FAE04EC0-301F-11D3-BF4B-00C04F79EFBC}") = "Gherman_Adela_Lab8", "Gherman_Adela_Lab8.csproj", "{159227D7-D8B1-4749-BCD2-E8D803453067}"
EndProject
Global
	GlobalSection(SolutionConfigurationPlatforms) = preSolution
		Debug|Any CPU = Debug|Any CPU
		Release|Any CPU = Release|Any CPU
	EndGlobalSection
	GlobalSection(ProjectConfigurationPlatforms) = postSolution
		{159227D7-D8B1-4749-BCD2-E8D803453067}.Debug|Any CPU.ActiveCfg = Debug|Any CPU
		{159227D7-D8B1-4749-BCD2-E8D803453067}.Debug|Any CPU.Build.0 = Debug|Any CPU
		{159227D7-D8B1-4749-BCD2-E8D803453067}.Release|Any CPU.ActiveCfg = Release|Any CPU
		{159227D7-D8B1-4749-BCD2-E8D803453067}.Release|Any CPU.Build.0 = Release|Any CPU
	EndGlobalSection
	GlobalSection(SolutionProperties) = preSolution
		HideSolutionNode = FALSE
	EndGlobalSection
	GlobalSection(ExtensibilityGlobals) = postSolution
		SolutionGuid = {06B5051A-FB45-405F-92FB-22199EED02DB}
	EndGlobalSection
EndGlobal
